
Microsoft Visual Studio Solution File, Format Version 12.00
# Visual Studio 2013
VisualStudioVersion = 12.0.30723.0
MinimumVisualStudioVersion = 10.0.40219.1
Project("{FAE04EC0-301F-11D3-BF4B-00C04F79EFBC}") = "RabbitMQSamples.HelloWorld.Producer", "src\RabbitMQSamples.HelloWorld.Producer\RabbitMQSamples.HelloWorld.Producer.csproj", "{9A3DA7A6-7BC9-4DFF-A51D-088425306A84}"
EndProject
Project("{FAE04EC0-301F-11D3-BF4B-00C04F79EFBC}") = "RabbitMQSamples.HelloWorld.Consumer", "src\RabbitMQSamples.HelloWorld.Consumer\RabbitMQSamples.HelloWorld.Consumer.csproj", "{BFDB7693-6949-4FDE-85E9-74717F45505B}"
EndProject
Project("{FAE04EC0-301F-11D3-BF4B-00C04F79EFBC}") = "RabbitMQSamples.Application", "src\RabbitMQSamples.Application\RabbitMQSamples.Application.csproj", "{AA2D9E3C-C69C-4476-910C-2C6D50CEC3CD}"
EndProject
Project("{FAE04EC0-301F-11D3-BF4B-00C04F79EFBC}") = "RabbitMQSamples.WorkQueues.Consumer", "src\RabbitMQSamples.WorkQueues.Consumer\RabbitMQSamples.WorkQueues.Consumer.csproj", "{E14F43FD-E30B-4572-B102-07050AB67193}"
EndProject
Project("{FAE04EC0-301F-11D3-BF4B-00C04F79EFBC}") = "RabbitMQSamples.WorkQueues.Producer", "src\RabbitMQSamples.WorkQueues.Producer\RabbitMQSamples.WorkQueues.Producer.csproj", "{62C4F017-C828-4427-9601-2224B5A3F883}"
EndProject
Global
	GlobalSection(SolutionConfigurationPlatforms) = preSolution
		Debug|Any CPU = Debug|Any CPU
		Release|Any CPU = Release|Any CPU
	EndGlobalSection
	GlobalSection(ProjectConfigurationPlatforms) = postSolution
		{9A3DA7A6-7BC9-4DFF-A51D-088425306A84}.Debug|Any CPU.ActiveCfg = Debug|Any CPU
		{9A3DA7A6-7BC9-4DFF-A51D-088425306A84}.Debug|Any CPU.Build.0 = Debug|Any CPU
		{9A3DA7A6-7BC9-4DFF-A51D-088425306A84}.Release|Any CPU.ActiveCfg = Release|Any CPU
		{9A3DA7A6-7BC9-4DFF-A51D-088425306A84}.Release|Any CPU.Build.0 = Release|Any CPU
		{BFDB7693-6949-4FDE-85E9-74717F45505B}.Debug|Any CPU.ActiveCfg = Debug|Any CPU
		{BFDB7693-6949-4FDE-85E9-74717F45505B}.Debug|Any CPU.Build.0 = Debug|Any CPU
		{BFDB7693-6949-4FDE-85E9-74717F45505B}.Release|Any CPU.ActiveCfg = Release|Any CPU
		{BFDB7693-6949-4FDE-85E9-74717F45505B}.Release|Any CPU.Build.0 = Release|Any CPU
		{AA2D9E3C-C69C-4476-910C-2C6D50CEC3CD}.Debug|Any CPU.ActiveCfg = Debug|Any CPU
		{AA2D9E3C-C69C-4476-910C-2C6D50CEC3CD}.Debug|Any CPU.Build.0 = Debug|Any CPU
		{AA2D9E3C-C69C-4476-910C-2C6D50CEC3CD}.Release|Any CPU.ActiveCfg = Release|Any CPU
		{AA2D9E3C-C69C-4476-910C-2C6D50CEC3CD}.Release|Any CPU.Build.0 = Release|Any CPU
		{E14F43FD-E30B-4572-B102-07050AB67193}.Debug|Any CPU.ActiveCfg = Debug|Any CPU
		{E14F43FD-E30B-4572-B102-07050AB67193}.Debug|Any CPU.Build.0 = Debug|Any CPU
		{E14F43FD-E30B-4572-B102-07050AB67193}.Release|Any CPU.ActiveCfg = Release|Any CPU
		{E14F43FD-E30B-4572-B102-07050AB67193}.Release|Any CPU.Build.0 = Release|Any CPU
		{62C4F017-C828-4427-9601-2224B5A3F883}.Debug|Any CPU.ActiveCfg = Debug|Any CPU
		{62C4F017-C828-4427-9601-2224B5A3F883}.Debug|Any CPU.Build.0 = Debug|Any CPU
		{62C4F017-C828-4427-9601-2224B5A3F883}.Release|Any CPU.ActiveCfg = Release|Any CPU
		{62C4F017-C828-4427-9601-2224B5A3F883}.Release|Any CPU.Build.0 = Release|Any CPU
	EndGlobalSection
	GlobalSection(SolutionProperties) = preSolution
		HideSolutionNode = FALSE
	EndGlobalSection
EndGlobal
